// !$*UTF8*$!
{
	archiveVersion = 1;
	classes = {
	};
	objectVersion = 46;
	objects = {

/* Begin PBXBuildFile section */
		B0012F311F2104C900B8F18D /* APIService.swift in Sources */ = {isa = PBXBuildFile; fileRef = B0012F301F2104C900B8F18D /* APIService.swift */; };
		B0012F331F210F6500B8F18D /* APIRequest.swift in Sources */ = {isa = PBXBuildFile; fileRef = B0012F321F210F6500B8F18D /* APIRequest.swift */; };
		B0012F361F210FCF00B8F18D /* AuthenticationAPI.swift in Sources */ = {isa = PBXBuildFile; fileRef = B0012F351F210FCF00B8F18D /* AuthenticationAPI.swift */; };
		B086CC481F2347840026E9FD /* ResponseErrorSchema.swift in Sources */ = {isa = PBXBuildFile; fileRef = B086CC461F2347840026E9FD /* ResponseErrorSchema.swift */; };
		B086CC491F2347840026E9FD /* TokenResponseSchema.swift in Sources */ = {isa = PBXBuildFile; fileRef = B086CC471F2347840026E9FD /* TokenResponseSchema.swift */; };
		B086CC4B1F23489B0026E9FD /* DataKeypathSchema.swift in Sources */ = {isa = PBXBuildFile; fileRef = B086CC4A1F23489B0026E9FD /* DataKeypathSchema.swift */; };
		B086CC4D1F234A630026E9FD /* Series.swift in Sources */ = {isa = PBXBuildFile; fileRef = B086CC4C1F234A630026E9FD /* Series.swift */; };
		B0BEC82D1F2209C0002BF7D4 /* ObjectMapper.framework in Frameworks */ = {isa = PBXBuildFile; fileRef = B0BEC82C1F2209C0002BF7D4 /* ObjectMapper.framework */; };
		B0BEC8361F222193002BF7D4 /* APIError.swift in Sources */ = {isa = PBXBuildFile; fileRef = B0BEC8351F222193002BF7D4 /* APIError.swift */; };
		B0BEC83C1F224095002BF7D4 /* keys_private.plist in Resources */ = {isa = PBXBuildFile; fileRef = B0BEC83B1F224095002BF7D4 /* keys_private.plist */; };
		B0BEC83E1F224170002BF7D4 /* ConfigService.swift in Sources */ = {isa = PBXBuildFile; fileRef = B0BEC83D1F224170002BF7D4 /* ConfigService.swift */; };
		B0BEC8401F22507A002BF7D4 /* SearchAPI.swift in Sources */ = {isa = PBXBuildFile; fileRef = B0BEC83F1F22507A002BF7D4 /* SearchAPI.swift */; };
		B0CCC7511F2101160060F72D /* LaunchScreen.storyboard in Resources */ = {isa = PBXBuildFile; fileRef = B0CCC74F1F2101160060F72D /* LaunchScreen.storyboard */; };
		B0CCC7691F2102310060F72D /* Assets.xcassets in Resources */ = {isa = PBXBuildFile; fileRef = B0CCC7591F2102310060F72D /* Assets.xcassets */; };
		B0CCC76A1F2102310060F72D /* AppDelegate.swift in Sources */ = {isa = PBXBuildFile; fileRef = B0CCC75B1F2102310060F72D /* AppDelegate.swift */; };
		B0CCC76D1F2102310060F72D /* MainVC.swift in Sources */ = {isa = PBXBuildFile; fileRef = B0CCC7621F2102310060F72D /* MainVC.swift */; };
		B0CCC76E1F2102310060F72D /* MainVC.xib in Resources */ = {isa = PBXBuildFile; fileRef = B0CCC7631F2102310060F72D /* MainVC.xib */; };
		B0CCC7751F2103110060F72D /* HTTPError.swift in Sources */ = {isa = PBXBuildFile; fileRef = B0CCC7721F2103110060F72D /* HTTPError.swift */; };
		B0CCC7761F2103110060F72D /* HTTPJSON.swift in Sources */ = {isa = PBXBuildFile; fileRef = B0CCC7731F2103110060F72D /* HTTPJSON.swift */; };
		B0CCC7771F2103110060F72D /* HTTPService.swift in Sources */ = {isa = PBXBuildFile; fileRef = B0CCC7741F2103110060F72D /* HTTPService.swift */; };
/* End PBXBuildFile section */

/* Begin PBXFileReference section */
		B0012F301F2104C900B8F18D /* APIService.swift */ = {isa = PBXFileReference; fileEncoding = 4; lastKnownFileType = sourcecode.swift; path = APIService.swift; sourceTree = "<group>"; };
		B0012F321F210F6500B8F18D /* APIRequest.swift */ = {isa = PBXFileReference; fileEncoding = 4; lastKnownFileType = sourcecode.swift; path = APIRequest.swift; sourceTree = "<group>"; };
		B0012F351F210FCF00B8F18D /* AuthenticationAPI.swift */ = {isa = PBXFileReference; fileEncoding = 4; lastKnownFileType = sourcecode.swift; path = AuthenticationAPI.swift; sourceTree = "<group>"; };
		B086CC461F2347840026E9FD /* ResponseErrorSchema.swift */ = {isa = PBXFileReference; fileEncoding = 4; lastKnownFileType = sourcecode.swift; path = ResponseErrorSchema.swift; sourceTree = "<group>"; };
		B086CC471F2347840026E9FD /* TokenResponseSchema.swift */ = {isa = PBXFileReference; fileEncoding = 4; lastKnownFileType = sourcecode.swift; path = TokenResponseSchema.swift; sourceTree = "<group>"; };
		B086CC4A1F23489B0026E9FD /* DataKeypathSchema.swift */ = {isa = PBXFileReference; fileEncoding = 4; lastKnownFileType = sourcecode.swift; path = DataKeypathSchema.swift; sourceTree = "<group>"; };
		B086CC4C1F234A630026E9FD /* Series.swift */ = {isa = PBXFileReference; fileEncoding = 4; lastKnownFileType = sourcecode.swift; path = Series.swift; sourceTree = "<group>"; };
		B0BEC82C1F2209C0002BF7D4 /* ObjectMapper.framework */ = {isa = PBXFileReference; lastKnownFileType = wrapper.framework; name = ObjectMapper.framework; path = Carthage/Build/iOS/ObjectMapper.framework; sourceTree = "<group>"; };
		B0BEC8351F222193002BF7D4 /* APIError.swift */ = {isa = PBXFileReference; fileEncoding = 4; lastKnownFileType = sourcecode.swift; path = APIError.swift; sourceTree = "<group>"; };
		B0BEC83B1F224095002BF7D4 /* keys_private.plist */ = {isa = PBXFileReference; fileEncoding = 4; lastKnownFileType = text.plist.xml; path = keys_private.plist; sourceTree = "<group>"; };
		B0BEC83D1F224170002BF7D4 /* ConfigService.swift */ = {isa = PBXFileReference; fileEncoding = 4; lastKnownFileType = sourcecode.swift; path = ConfigService.swift; sourceTree = "<group>"; };
		B0BEC83F1F22507A002BF7D4 /* SearchAPI.swift */ = {isa = PBXFileReference; fileEncoding = 4; lastKnownFileType = sourcecode.swift; path = SearchAPI.swift; sourceTree = "<group>"; };
		B0CCC7431F2101160060F72D /* tvShows.app */ = {isa = PBXFileReference; explicitFileType = wrapper.application; includeInIndex = 0; path = tvShows.app; sourceTree = BUILT_PRODUCTS_DIR; };
		B0CCC7501F2101160060F72D /* Base */ = {isa = PBXFileReference; lastKnownFileType = file.storyboard; name = Base; path = Base.lproj/LaunchScreen.storyboard; sourceTree = "<group>"; };
		B0CCC7521F2101160060F72D /* Info.plist */ = {isa = PBXFileReference; lastKnownFileType = text.plist.xml; path = Info.plist; sourceTree = "<group>"; };
		B0CCC7591F2102310060F72D /* Assets.xcassets */ = {isa = PBXFileReference; lastKnownFileType = folder.assetcatalog; path = Assets.xcassets; sourceTree = "<group>"; };
		B0CCC75B1F2102310060F72D /* AppDelegate.swift */ = {isa = PBXFileReference; fileEncoding = 4; lastKnownFileType = sourcecode.swift; path = AppDelegate.swift; sourceTree = "<group>"; };
		B0CCC7621F2102310060F72D /* MainVC.swift */ = {isa = PBXFileReference; fileEncoding = 4; lastKnownFileType = sourcecode.swift; path = MainVC.swift; sourceTree = "<group>"; };
		B0CCC7631F2102310060F72D /* MainVC.xib */ = {isa = PBXFileReference; fileEncoding = 4; lastKnownFileType = file.xib; path = MainVC.xib; sourceTree = "<group>"; };
		B0CCC7721F2103110060F72D /* HTTPError.swift */ = {isa = PBXFileReference; fileEncoding = 4; lastKnownFileType = sourcecode.swift; path = HTTPError.swift; sourceTree = "<group>"; };
		B0CCC7731F2103110060F72D /* HTTPJSON.swift */ = {isa = PBXFileReference; fileEncoding = 4; lastKnownFileType = sourcecode.swift; path = HTTPJSON.swift; sourceTree = "<group>"; };
		B0CCC7741F2103110060F72D /* HTTPService.swift */ = {isa = PBXFileReference; fileEncoding = 4; lastKnownFileType = sourcecode.swift; path = HTTPService.swift; sourceTree = "<group>"; };
/* End PBXFileReference section */

/* Begin PBXFrameworksBuildPhase section */
		B0CCC7401F2101160060F72D /* Frameworks */ = {
			isa = PBXFrameworksBuildPhase;
			buildActionMask = 2147483647;
			files = (
				B0BEC82D1F2209C0002BF7D4 /* ObjectMapper.framework in Frameworks */,
			);
			runOnlyForDeploymentPostprocessing = 0;
		};
/* End PBXFrameworksBuildPhase section */

/* Begin PBXGroup section */
		B0012F2F1F2104C900B8F18D /* API */ = {
			isa = PBXGroup;
			children = (
				B086CC451F2347840026E9FD /* Schemas */,
				B0012F341F210FA300B8F18D /* APIResources */,
				B0012F301F2104C900B8F18D /* APIService.swift */,
				B0012F321F210F6500B8F18D /* APIRequest.swift */,
				B0BEC8351F222193002BF7D4 /* APIError.swift */,
			);
			path = API;
			sourceTree = "<group>";
		};
		B0012F341F210FA300B8F18D /* APIResources */ = {
			isa = PBXGroup;
			children = (
				B0012F351F210FCF00B8F18D /* AuthenticationAPI.swift */,
				B0BEC83F1F22507A002BF7D4 /* SearchAPI.swift */,
			);
			path = APIResources;
			sourceTree = "<group>";
		};
		B086CC451F2347840026E9FD /* Schemas */ = {
			isa = PBXGroup;
			children = (
				B086CC461F2347840026E9FD /* ResponseErrorSchema.swift */,
				B086CC471F2347840026E9FD /* TokenResponseSchema.swift */,
				B086CC4A1F23489B0026E9FD /* DataKeypathSchema.swift */,
			);
			path = Schemas;
			sourceTree = "<group>";
		};
		B0BEC82B1F2209C0002BF7D4 /* Frameworks */ = {
			isa = PBXGroup;
			children = (
				B0BEC82C1F2209C0002BF7D4 /* ObjectMapper.framework */,
			);
			name = Frameworks;
			sourceTree = "<group>";
		};
		B0CCC73A1F2101160060F72D = {
			isa = PBXGroup;
			children = (
				B0CCC7451F2101160060F72D /* tvShows */,
				B0CCC7441F2101160060F72D /* Products */,
				B0BEC82B1F2209C0002BF7D4 /* Frameworks */,
			);
			sourceTree = "<group>";
		};
		B0CCC7441F2101160060F72D /* Products */ = {
			isa = PBXGroup;
			children = (
				B0CCC7431F2101160060F72D /* tvShows.app */,
			);
			name = Products;
			sourceTree = "<group>";
		};
		B0CCC7451F2101160060F72D /* tvShows */ = {
			isa = PBXGroup;
			children = (
				B0CCC75A1F2102310060F72D /* Source */,
				B0CCC7581F2102310060F72D /* Resources */,
				B0CCC74F1F2101160060F72D /* LaunchScreen.storyboard */,
				B0CCC7521F2101160060F72D /* Info.plist */,
			);
			path = tvShows;
			sourceTree = "<group>";
		};
		B0CCC7581F2102310060F72D /* Resources */ = {
			isa = PBXGroup;
			children = (
				B0CCC7591F2102310060F72D /* Assets.xcassets */,
				B0BEC83B1F224095002BF7D4 /* keys_private.plist */,
			);
			path = Resources;
			sourceTree = "<group>";
		};
		B0CCC75A1F2102310060F72D /* Source */ = {
			isa = PBXGroup;
			children = (
				B0CCC75B1F2102310060F72D /* AppDelegate.swift */,
				B0CCC75D1F2102310060F72D /* Models */,
				B0CCC75C1F2102310060F72D /* Extensions */,
				B0CCC7641F2102310060F72D /* Services */,
				B0CCC7681F2102310060F72D /* Views */,
				B0CCC7601F2102310060F72D /* Screens */,
			);
			path = Source;
			sourceTree = "<group>";
		};
		B0CCC75C1F2102310060F72D /* Extensions */ = {
			isa = PBXGroup;
			children = (
			);
			path = Extensions;
			sourceTree = "<group>";
		};
		B0CCC75D1F2102310060F72D /* Models */ = {
			isa = PBXGroup;
			children = (
				B086CC4C1F234A630026E9FD /* Series.swift */,
			);
			path = Models;
			sourceTree = "<group>";
		};
		B0CCC7601F2102310060F72D /* Screens */ = {
			isa = PBXGroup;
			children = (
				B0CCC7611F2102310060F72D /* Main */,
			);
			path = Screens;
			sourceTree = "<group>";
		};
		B0CCC7611F2102310060F72D /* Main */ = {
			isa = PBXGroup;
			children = (
				B0CCC7621F2102310060F72D /* MainVC.swift */,
				B0CCC7631F2102310060F72D /* MainVC.xib */,
			);
			path = Main;
			sourceTree = "<group>";
		};
		B0CCC7641F2102310060F72D /* Services */ = {
			isa = PBXGroup;
			children = (
				B0012F2F1F2104C900B8F18D /* API */,
				B0CCC7711F2103110060F72D /* Networking */,
				B0BEC83D1F224170002BF7D4 /* ConfigService.swift */,
			);
			path = Services;
			sourceTree = "<group>";
		};
		B0CCC7681F2102310060F72D /* Views */ = {
			isa = PBXGroup;
			children = (
			);
			path = Views;
			sourceTree = "<group>";
		};
		B0CCC7711F2103110060F72D /* Networking */ = {
			isa = PBXGroup;
			children = (
				B0CCC7721F2103110060F72D /* HTTPError.swift */,
				B0CCC7731F2103110060F72D /* HTTPJSON.swift */,
				B0CCC7741F2103110060F72D /* HTTPService.swift */,
			);
			path = Networking;
			sourceTree = "<group>";
		};
/* End PBXGroup section */

/* Begin PBXNativeTarget section */
		B0CCC7421F2101160060F72D /* tvShows */ = {
			isa = PBXNativeTarget;
			buildConfigurationList = B0CCC7551F2101160060F72D /* Build configuration list for PBXNativeTarget "tvShows" */;
			buildPhases = (
				B0CCC73F1F2101160060F72D /* Sources */,
				B0CCC7401F2101160060F72D /* Frameworks */,
				B0CCC7411F2101160060F72D /* Resources */,
				B0BEC82E1F2209CB002BF7D4 /* ShellScript */,
			);
			buildRules = (
			);
			dependencies = (
			);
			name = tvShows;
			productName = tvShows;
			productReference = B0CCC7431F2101160060F72D /* tvShows.app */;
			productType = "com.apple.product-type.application";
		};
/* End PBXNativeTarget section */

/* Begin PBXProject section */
		B0CCC73B1F2101160060F72D /* Project object */ = {
			isa = PBXProject;
			attributes = {
				LastSwiftUpdateCheck = 0830;
				LastUpgradeCheck = 0830;
				ORGANIZATIONNAME = devandsev;
				TargetAttributes = {
					B0CCC7421F2101160060F72D = {
						CreatedOnToolsVersion = 8.3.1;
						DevelopmentTeam = NSS5L7KPRJ;
						ProvisioningStyle = Automatic;
					};
				};
			};
			buildConfigurationList = B0CCC73E1F2101160060F72D /* Build configuration list for PBXProject "tvShows" */;
			compatibilityVersion = "Xcode 3.2";
			developmentRegion = English;
			hasScannedForEncodings = 0;
			knownRegions = (
				en,
				Base,
			);
			mainGroup = B0CCC73A1F2101160060F72D;
			productRefGroup = B0CCC7441F2101160060F72D /* Products */;
			projectDirPath = "";
			projectRoot = "";
			targets = (
				B0CCC7421F2101160060F72D /* tvShows */,
			);
		};
/* End PBXProject section */

/* Begin PBXResourcesBuildPhase section */
		B0CCC7411F2101160060F72D /* Resources */ = {
			isa = PBXResourcesBuildPhase;
			buildActionMask = 2147483647;
			files = (
				B0CCC76E1F2102310060F72D /* MainVC.xib in Resources */,
				B0CCC7691F2102310060F72D /* Assets.xcassets in Resources */,
				B0BEC83C1F224095002BF7D4 /* keys_private.plist in Resources */,
				B0CCC7511F2101160060F72D /* LaunchScreen.storyboard in Resources */,
			);
			runOnlyForDeploymentPostprocessing = 0;
		};
/* End PBXResourcesBuildPhase section */

/* Begin PBXShellScriptBuildPhase section */
		B0BEC82E1F2209CB002BF7D4 /* ShellScript */ = {
			isa = PBXShellScriptBuildPhase;
			buildActionMask = 2147483647;
			files = (
			);
			inputPaths = (
				"$(SRCROOT)/Carthage/Build/iOS/ObjectMapper.framework",
			);
			outputPaths = (
				"$(BUILT_PRODUCTS_DIR)/$(FRAMEWORKS_FOLDER_PATH)/ObjectMapper.framework",
			);
			runOnlyForDeploymentPostprocessing = 0;
			shellPath = /bin/sh;
			shellScript = "/usr/local/bin/carthage copy-frameworks";
		};
/* End PBXShellScriptBuildPhase section */

/* Begin PBXSourcesBuildPhase section */
		B0CCC73F1F2101160060F72D /* Sources */ = {
			isa = PBXSourcesBuildPhase;
			buildActionMask = 2147483647;
			files = (
				B0CCC7751F2103110060F72D /* HTTPError.swift in Sources */,
				B0BEC8401F22507A002BF7D4 /* SearchAPI.swift in Sources */,
				B0012F331F210F6500B8F18D /* APIRequest.swift in Sources */,
				B086CC4B1F23489B0026E9FD /* DataKeypathSchema.swift in Sources */,
				B0CCC7761F2103110060F72D /* HTTPJSON.swift in Sources */,
				B0CCC7771F2103110060F72D /* HTTPService.swift in Sources */,
				B0CCC76D1F2102310060F72D /* MainVC.swift in Sources */,
				B086CC481F2347840026E9FD /* ResponseErrorSchema.swift in Sources */,
				B086CC491F2347840026E9FD /* TokenResponseSchema.swift in Sources */,
				B086CC4D1F234A630026E9FD /* Series.swift in Sources */,
				B0012F311F2104C900B8F18D /* APIService.swift in Sources */,
				B0CCC76A1F2102310060F72D /* AppDelegate.swift in Sources */,
				B0BEC83E1F224170002BF7D4 /* ConfigService.swift in Sources */,
				B0012F361F210FCF00B8F18D /* AuthenticationAPI.swift in Sources */,
				B0BEC8361F222193002BF7D4 /* APIError.swift in Sources */,
			);
			runOnlyForDeploymentPostprocessing = 0;
		};
/* End PBXSourcesBuildPhase section */

/* Begin PBXVariantGroup section */
		B0CCC74F1F2101160060F72D /* LaunchScreen.storyboard */ = {
			isa = PBXVariantGroup;
			children = (
				B0CCC7501F2101160060F72D /* Base */,
			);
			name = LaunchScreen.storyboard;
			sourceTree = "<group>";
		};
/* End PBXVariantGroup section */

/* Begin XCBuildConfiguration section */
		B0CCC7531F2101160060F72D /* Debug */ = {
			isa = XCBuildConfiguration;
			buildSettings = {
				ALWAYS_SEARCH_USER_PATHS = NO;
				CLANG_ANALYZER_NONNULL = YES;
				CLANG_ANALYZER_NUMBER_OBJECT_CONVERSION = YES_AGGRESSIVE;
				CLANG_CXX_LANGUAGE_STANDARD = "gnu++0x";
				CLANG_CXX_LIBRARY = "libc++";
				CLANG_ENABLE_MODULES = YES;
				CLANG_ENABLE_OBJC_ARC = YES;
				CLANG_WARN_BOOL_CONVERSION = YES;
				CLANG_WARN_CONSTANT_CONVERSION = YES;
				CLANG_WARN_DIRECT_OBJC_ISA_USAGE = YES_ERROR;
				CLANG_WARN_DOCUMENTATION_COMMENTS = YES;
				CLANG_WARN_EMPTY_BODY = YES;
				CLANG_WARN_ENUM_CONVERSION = YES;
				CLANG_WARN_INFINITE_RECURSION = YES;
				CLANG_WARN_INT_CONVERSION = YES;
				CLANG_WARN_OBJC_ROOT_CLASS = YES_ERROR;
				CLANG_WARN_SUSPICIOUS_MOVE = YES;
				CLANG_WARN_UNREACHABLE_CODE = YES;
				CLANG_WARN__DUPLICATE_METHOD_MATCH = YES;
				"CODE_SIGN_IDENTITY[sdk=iphoneos*]" = "iPhone Developer";
				COPY_PHASE_STRIP = NO;
				DEBUG_INFORMATION_FORMAT = dwarf;
				ENABLE_STRICT_OBJC_MSGSEND = YES;
				ENABLE_TESTABILITY = YES;
				GCC_C_LANGUAGE_STANDARD = gnu99;
				GCC_DYNAMIC_NO_PIC = NO;
				GCC_NO_COMMON_BLOCKS = YES;
				GCC_OPTIMIZATION_LEVEL = 0;
				GCC_PREPROCESSOR_DEFINITIONS = (
					"DEBUG=1",
					"$(inherited)",
				);
				GCC_WARN_64_TO_32_BIT_CONVERSION = YES;
				GCC_WARN_ABOUT_RETURN_TYPE = YES_ERROR;
				GCC_WARN_UNDECLARED_SELECTOR = YES;
				GCC_WARN_UNINITIALIZED_AUTOS = YES_AGGRESSIVE;
				GCC_WARN_UNUSED_FUNCTION = YES;
				GCC_WARN_UNUSED_VARIABLE = YES;
				IPHONEOS_DEPLOYMENT_TARGET = 10.3;
				MTL_ENABLE_DEBUG_INFO = YES;
				ONLY_ACTIVE_ARCH = YES;
				SDKROOT = iphoneos;
				SWIFT_ACTIVE_COMPILATION_CONDITIONS = DEBUG;
				SWIFT_OPTIMIZATION_LEVEL = "-Onone";
			};
			name = Debug;
		};
		B0CCC7541F2101160060F72D /* Release */ = {
			isa = XCBuildConfiguration;
			buildSettings = {
				ALWAYS_SEARCH_USER_PATHS = NO;
				CLANG_ANALYZER_NONNULL = YES;
				CLANG_ANALYZER_NUMBER_OBJECT_CONVERSION = YES_AGGRESSIVE;
				CLANG_CXX_LANGUAGE_STANDARD = "gnu++0x";
				CLANG_CXX_LIBRARY = "libc++";
				CLANG_ENABLE_MODULES = YES;
				CLANG_ENABLE_OBJC_ARC = YES;
				CLANG_WARN_BOOL_CONVERSION = YES;
				CLANG_WARN_CONSTANT_CONVERSION = YES;
				CLANG_WARN_DIRECT_OBJC_ISA_USAGE = YES_ERROR;
				CLANG_WARN_DOCUMENTATION_COMMENTS = YES;
				CLANG_WARN_EMPTY_BODY = YES;
				CLANG_WARN_ENUM_CONVERSION = YES;
				CLANG_WARN_INFINITE_RECURSION = YES;
				CLANG_WARN_INT_CONVERSION = YES;
				CLANG_WARN_OBJC_ROOT_CLASS = YES_ERROR;
				CLANG_WARN_SUSPICIOUS_MOVE = YES;
				CLANG_WARN_UNREACHABLE_CODE = YES;
				CLANG_WARN__DUPLICATE_METHOD_MATCH = YES;
				"CODE_SIGN_IDENTITY[sdk=iphoneos*]" = "iPhone Developer";
				COPY_PHASE_STRIP = NO;
				DEBUG_INFORMATION_FORMAT = "dwarf-with-dsym";
				ENABLE_NS_ASSERTIONS = NO;
				ENABLE_STRICT_OBJC_MSGSEND = YES;
				GCC_C_LANGUAGE_STANDARD = gnu99;
				GCC_NO_COMMON_BLOCKS = YES;
				GCC_WARN_64_TO_32_BIT_CONVERSION = YES;
				GCC_WARN_ABOUT_RETURN_TYPE = YES_ERROR;
				GCC_WARN_UNDECLARED_SELECTOR = YES;
				GCC_WARN_UNINITIALIZED_AUTOS = YES_AGGRESSIVE;
				GCC_WARN_UNUSED_FUNCTION = YES;
				GCC_WARN_UNUSED_VARIABLE = YES;
				IPHONEOS_DEPLOYMENT_TARGET = 10.3;
				MTL_ENABLE_DEBUG_INFO = NO;
				SDKROOT = iphoneos;
				SWIFT_OPTIMIZATION_LEVEL = "-Owholemodule";
				VALIDATE_PRODUCT = YES;
			};
			name = Release;
		};
		B0CCC7561F2101160060F72D /* Debug */ = {
			isa = XCBuildConfiguration;
			buildSettings = {
				ASSETCATALOG_COMPILER_APPICON_NAME = AppIcon;
				DEVELOPMENT_TEAM = NSS5L7KPRJ;
				FRAMEWORK_SEARCH_PATHS = (
					"$(inherited)",
					"$(PROJECT_DIR)/Carthage/Build/iOS",
				);
				INFOPLIST_FILE = tvShows/Info.plist;
				IPHONEOS_DEPLOYMENT_TARGET = 9.0;
				LD_RUNPATH_SEARCH_PATHS = "$(inherited) @executable_path/Frameworks";
				PRODUCT_BUNDLE_IDENTIFIER = devandsev.tvShows;
				PRODUCT_NAME = "$(TARGET_NAME)";
				SWIFT_VERSION = 3.0;
			};
			name = Debug;
		};
		B0CCC7571F2101160060F72D /* Release */ = {
			isa = XCBuildConfiguration;
			buildSettings = {
				ASSETCATALOG_COMPILER_APPICON_NAME = AppIcon;
				DEVELOPMENT_TEAM = NSS5L7KPRJ;
				FRAMEWORK_SEARCH_PATHS = (
					"$(inherited)",
					"$(PROJECT_DIR)/Carthage/Build/iOS",
				);
				INFOPLIST_FILE = tvShows/Info.plist;
				IPHONEOS_DEPLOYMENT_TARGET = 9.0;
				LD_RUNPATH_SEARCH_PATHS = "$(inherited) @executable_path/Frameworks";
				PRODUCT_BUNDLE_IDENTIFIER = devandsev.tvShows;
				PRODUCT_NAME = "$(TARGET_NAME)";
				SWIFT_VERSION = 3.0;
			};
			name = Release;
		};
/* End XCBuildConfiguration section */

/* Begin XCConfigurationList section */
		B0CCC73E1F2101160060F72D /* Build configuration list for PBXProject "tvShows" */ = {
			isa = XCConfigurationList;
			buildConfigurations = (
				B0CCC7531F2101160060F72D /* Debug */,
				B0CCC7541F2101160060F72D /* Release */,
			);
			defaultConfigurationIsVisible = 0;
			defaultConfigurationName = Release;
		};
		B0CCC7551F2101160060F72D /* Build configuration list for PBXNativeTarget "tvShows" */ = {
			isa = XCConfigurationList;
			buildConfigurations = (
				B0CCC7561F2101160060F72D /* Debug */,
				B0CCC7571F2101160060F72D /* Release */,
			);
			defaultConfigurationIsVisible = 0;
			defaultConfigurationName = Release;
		};
/* End XCConfigurationList section */
	};
	rootObject = B0CCC73B1F2101160060F72D /* Project object */;
}
